
Microsoft Visual Studio Solution File, Format Version 12.00
# Visual Studio Version 17
VisualStudioVersion = 17.0.31903.59
MinimumVisualStudioVersion = 10.0.40219.1
Project("{9A19103F-16F7-4668-BE54-9A1E7A4F7556}") = "mobile-desktop-app", "mobile-desktop-app\mobile-desktop-app.csproj", "{D401D946-ECC9-424F-AD1B-E9B6CF9DBFEB}"
EndProject
Project("{9A19103F-16F7-4668-BE54-9A1E7A4F7556}") = "fox-web-api", "fox-web-api\fox-web-api.csproj", "{EF90A2FF-3969-42AA-806E-D9CADD1758C8}"
EndProject
Project("{E53339B2-1760-4266-BCC7-CA923CBCF16C}") = "docker-compose", "docker-compose.dcproj", "{6E4B32AA-EA6D-4F84-82F3-0CC7678EF2B3}"
EndProject
Project("{9A19103F-16F7-4668-BE54-9A1E7A4F7556}") = "BlazorApp.Server", "BlazorApp\Server\BlazorApp.Server.csproj", "{12F5E91F-64EB-4C7D-BD36-F39F407EF538}"
EndProject
Project("{9A19103F-16F7-4668-BE54-9A1E7A4F7556}") = "BlazorApp.Client", "BlazorApp\Client\BlazorApp.Client.csproj", "{4FC3B7F8-F4B8-4BB7-9235-23E6A61B56D8}"
EndProject
Project("{9A19103F-16F7-4668-BE54-9A1E7A4F7556}") = "BlazorApp.Shared", "BlazorApp\Shared\BlazorApp.Shared.csproj", "{E5FFFA57-062C-4DBE-B7F9-C96AF1C59FD7}"
EndProject
Project("{9A19103F-16F7-4668-BE54-9A1E7A4F7556}") = "Maui-app", "Maui-app\Maui-app.csproj", "{FA3E01CA-FFB5-4105-97EE-F9888C8528F6}"
EndProject
Project("{9A19103F-16F7-4668-BE54-9A1E7A4F7556}") = "SharedUI", "SharedUI\SharedUI.csproj", "{F9A4ED0A-5C2D-498A-98AD-F4BFB04803EB}"
EndProject
Global
	GlobalSection(SolutionConfigurationPlatforms) = preSolution
		Debug|Any CPU = Debug|Any CPU
		Release|Any CPU = Release|Any CPU
	EndGlobalSection
	GlobalSection(ProjectConfigurationPlatforms) = postSolution
		{D401D946-ECC9-424F-AD1B-E9B6CF9DBFEB}.Debug|Any CPU.ActiveCfg = Debug|Any CPU
		{D401D946-ECC9-424F-AD1B-E9B6CF9DBFEB}.Debug|Any CPU.Build.0 = Debug|Any CPU
		{D401D946-ECC9-424F-AD1B-E9B6CF9DBFEB}.Debug|Any CPU.Deploy.0 = Debug|Any CPU
		{D401D946-ECC9-424F-AD1B-E9B6CF9DBFEB}.Release|Any CPU.ActiveCfg = Release|Any CPU
		{D401D946-ECC9-424F-AD1B-E9B6CF9DBFEB}.Release|Any CPU.Build.0 = Release|Any CPU
		{EF90A2FF-3969-42AA-806E-D9CADD1758C8}.Debug|Any CPU.ActiveCfg = Debug|Any CPU
		{EF90A2FF-3969-42AA-806E-D9CADD1758C8}.Debug|Any CPU.Build.0 = Debug|Any CPU
		{EF90A2FF-3969-42AA-806E-D9CADD1758C8}.Release|Any CPU.ActiveCfg = Release|Any CPU
		{EF90A2FF-3969-42AA-806E-D9CADD1758C8}.Release|Any CPU.Build.0 = Release|Any CPU
		{6E4B32AA-EA6D-4F84-82F3-0CC7678EF2B3}.Debug|Any CPU.ActiveCfg = Debug|Any CPU
		{6E4B32AA-EA6D-4F84-82F3-0CC7678EF2B3}.Debug|Any CPU.Build.0 = Debug|Any CPU
		{6E4B32AA-EA6D-4F84-82F3-0CC7678EF2B3}.Release|Any CPU.ActiveCfg = Release|Any CPU
		{6E4B32AA-EA6D-4F84-82F3-0CC7678EF2B3}.Release|Any CPU.Build.0 = Release|Any CPU
		{12F5E91F-64EB-4C7D-BD36-F39F407EF538}.Debug|Any CPU.ActiveCfg = Debug|Any CPU
		{12F5E91F-64EB-4C7D-BD36-F39F407EF538}.Debug|Any CPU.Build.0 = Debug|Any CPU
		{12F5E91F-64EB-4C7D-BD36-F39F407EF538}.Release|Any CPU.ActiveCfg = Release|Any CPU
		{12F5E91F-64EB-4C7D-BD36-F39F407EF538}.Release|Any CPU.Build.0 = Release|Any CPU
		{4FC3B7F8-F4B8-4BB7-9235-23E6A61B56D8}.Debug|Any CPU.ActiveCfg = Debug|Any CPU
		{4FC3B7F8-F4B8-4BB7-9235-23E6A61B56D8}.Debug|Any CPU.Build.0 = Debug|Any CPU
		{4FC3B7F8-F4B8-4BB7-9235-23E6A61B56D8}.Release|Any CPU.ActiveCfg = Release|Any CPU
		{4FC3B7F8-F4B8-4BB7-9235-23E6A61B56D8}.Release|Any CPU.Build.0 = Release|Any CPU
		{E5FFFA57-062C-4DBE-B7F9-C96AF1C59FD7}.Debug|Any CPU.ActiveCfg = Debug|Any CPU
		{E5FFFA57-062C-4DBE-B7F9-C96AF1C59FD7}.Debug|Any CPU.Build.0 = Debug|Any CPU
		{E5FFFA57-062C-4DBE-B7F9-C96AF1C59FD7}.Release|Any CPU.ActiveCfg = Release|Any CPU
		{E5FFFA57-062C-4DBE-B7F9-C96AF1C59FD7}.Release|Any CPU.Build.0 = Release|Any CPU
		{FA3E01CA-FFB5-4105-97EE-F9888C8528F6}.Debug|Any CPU.ActiveCfg = Debug|Any CPU
		{FA3E01CA-FFB5-4105-97EE-F9888C8528F6}.Debug|Any CPU.Build.0 = Debug|Any CPU
		{FA3E01CA-FFB5-4105-97EE-F9888C8528F6}.Debug|Any CPU.Deploy.0 = Debug|Any CPU
		{FA3E01CA-FFB5-4105-97EE-F9888C8528F6}.Release|Any CPU.ActiveCfg = Release|Any CPU
		{FA3E01CA-FFB5-4105-97EE-F9888C8528F6}.Release|Any CPU.Build.0 = Release|Any CPU
		{FA3E01CA-FFB5-4105-97EE-F9888C8528F6}.Release|Any CPU.Deploy.0 = Release|Any CPU
		{F9A4ED0A-5C2D-498A-98AD-F4BFB04803EB}.Debug|Any CPU.ActiveCfg = Debug|Any CPU
		{F9A4ED0A-5C2D-498A-98AD-F4BFB04803EB}.Debug|Any CPU.Build.0 = Debug|Any CPU
		{F9A4ED0A-5C2D-498A-98AD-F4BFB04803EB}.Release|Any CPU.ActiveCfg = Release|Any CPU
		{F9A4ED0A-5C2D-498A-98AD-F4BFB04803EB}.Release|Any CPU.Build.0 = Release|Any CPU
	EndGlobalSection
	GlobalSection(SolutionProperties) = preSolution
		HideSolutionNode = FALSE
	EndGlobalSection
	GlobalSection(ExtensibilityGlobals) = postSolution
		SolutionGuid = {9E66F7AB-DE2E-46CC-BE2F-F6EC5387E29F}
	EndGlobalSection
EndGlobal
